{
  "name": "@planado-2024/restate",
  "version": "0.1.0",
  "lockfileVersion": 2,
  "requires": true,
  "packages": {
    "": {
      "name": "@planado-2024/restate",
      "version": "0.1.0",
      "hasInstallScript": true,
      "license": "MIT",
      "devDependencies": {
        "rescript": "^10.1.0"
      }
    },
    "node_modules/rescript": {
      "version": "10.1.2",
      "dev": true,
      "hasInstallScript": true,
      "license": "SEE LICENSE IN LICENSE",
      "bin": {
        "bsc": "bsc",
        "bsrefmt": "bsrefmt",
        "bstracing": "lib/bstracing",
        "rescript": "rescript"
      }
    }
  },
  "dependencies": {
    "rescript": {
      "version": "10.1.2",
      "dev": true
    }
  }
}
