{
  "name": "@planado-2024/restate",
  "version": "0.1.0",
  "lockfileVersion": 2,
  "requires": true,
  "packages": {
    "": {
      "name": "@planado-2024/restate",
      "version": "0.1.0",
      "hasInstallScript": true,
      "license": "UNLICENSED",
      "devDependencies": {
        "rescript": "^11.1.1"
      }
    },
    "node_modules/rescript": {
      "version": "11.1.1",
      "resolved": "https://registry.npmjs.org/rescript/-/rescript-11.1.1.tgz",
      "integrity": "sha512-FMELeoiR1n3LzBdBt+k7U4l0vsz5Xh0HBSHf+0NhyhzZkMRLkEKEDNrcqZc6RIux9bxmxoO+zEa9qFM01VOXAw==",
      "dev": true,
      "hasInstallScript": true,
      "bin": {
        "bsc": "bsc",
        "bstracing": "lib/bstracing",
        "rescript": "rescript"
      },
      "engines": {
        "node": ">=10"
      }
    }
  },
  "dependencies": {
    "rescript": {
      "version": "11.1.1",
      "resolved": "https://registry.npmjs.org/rescript/-/rescript-11.1.1.tgz",
      "integrity": "sha512-FMELeoiR1n3LzBdBt+k7U4l0vsz5Xh0HBSHf+0NhyhzZkMRLkEKEDNrcqZc6RIux9bxmxoO+zEa9qFM01VOXAw==",
      "dev": true
    }
  }
}
